// !$*UTF8*$!
{
	archiveVersion = 1;
	classes = {
	};
	objectVersion = 46;
	objects = {

/* Begin PBXBuildFile section */
		ED8CD2891F77322300AC8D97 /* main.m in Sources */ = {isa = PBXBuildFile; fileRef = ED8CD2881F77322300AC8D97 /* main.m */; };
		ED8CD28C1F77322300AC8D97 /* AppDelegate.m in Sources */ = {isa = PBXBuildFile; fileRef = ED8CD28B1F77322300AC8D97 /* AppDelegate.m */; };
		ED8CD28F1F77322300AC8D97 /* Home.m in Sources */ = {isa = PBXBuildFile; fileRef = ED8CD28E1F77322300AC8D97 /* Home.m */; };
		ED8CD2921F77322300AC8D97 /* Main.storyboard in Resources */ = {isa = PBXBuildFile; fileRef = ED8CD2901F77322300AC8D97 /* Main.storyboard */; };
		ED8CD2951F77322300AC8D97 /* Mi_Primera_Tabla.xcdatamodeld in Sources */ = {isa = PBXBuildFile; fileRef = ED8CD2931F77322300AC8D97 /* Mi_Primera_Tabla.xcdatamodeld */; };
		ED8CD2971F77322300AC8D97 /* Assets.xcassets in Resources */ = {isa = PBXBuildFile; fileRef = ED8CD2961F77322300AC8D97 /* Assets.xcassets */; };
		ED8CD29A1F77322300AC8D97 /* LaunchScreen.storyboard in Resources */ = {isa = PBXBuildFile; fileRef = ED8CD2981F77322300AC8D97 /* LaunchScreen.storyboard */; };
		ED8CD2A71F773A2E00AC8D97 /* cellMainTable.m in Sources */ = {isa = PBXBuildFile; fileRef = ED8CD2A51F773A2E00AC8D97 /* cellMainTable.m */; };
		ED8CD2A81F773A2E00AC8D97 /* cellMainTable.xib in Resources */ = {isa = PBXBuildFile; fileRef = ED8CD2A61F773A2E00AC8D97 /* cellMainTable.xib */; };
		ED8CD2B21F773F0600AC8D97 /* arya.jpg in Resources */ = {isa = PBXBuildFile; fileRef = ED8CD2AD1F773F0600AC8D97 /* arya.jpg */; };
		ED8CD2B31F773F0600AC8D97 /* cersei.jpg in Resources */ = {isa = PBXBuildFile; fileRef = ED8CD2AE1F773F0600AC8D97 /* cersei.jpg */; };
		ED8CD2B41F773F0600AC8D97 /* daenerys.jpg in Resources */ = {isa = PBXBuildFile; fileRef = ED8CD2AF1F773F0600AC8D97 /* daenerys.jpg */; };
		ED8CD2B51F773F0600AC8D97 /* jon.jpg in Resources */ = {isa = PBXBuildFile; fileRef = ED8CD2B01F773F0600AC8D97 /* jon.jpg */; };
		ED8CD2B61F773F0600AC8D97 /* tyrion.jpg in Resources */ = {isa = PBXBuildFile; fileRef = ED8CD2B11F773F0600AC8D97 /* tyrion.jpg */; };
/* End PBXBuildFile section */

/* Begin PBXFileReference section */
		ED8CD2841F77322300AC8D97 /* Mi Primera Tabla.app */ = {isa = PBXFileReference; explicitFileType = wrapper.application; includeInIndex = 0; path = "Mi Primera Tabla.app"; sourceTree = BUILT_PRODUCTS_DIR; };
		ED8CD2881F77322300AC8D97 /* main.m */ = {isa = PBXFileReference; lastKnownFileType = sourcecode.c.objc; path = main.m; sourceTree = "<group>"; };
		ED8CD28A1F77322300AC8D97 /* AppDelegate.h */ = {isa = PBXFileReference; lastKnownFileType = sourcecode.c.h; name = AppDelegate.h; path = "Mi Primera Tabla/AppDelegate.h"; sourceTree = "<group>"; };
		ED8CD28B1F77322300AC8D97 /* AppDelegate.m */ = {isa = PBXFileReference; lastKnownFileType = sourcecode.c.objc; name = AppDelegate.m; path = "Mi Primera Tabla/AppDelegate.m"; sourceTree = "<group>"; };
		ED8CD28D1F77322300AC8D97 /* Home.h */ = {isa = PBXFileReference; lastKnownFileType = sourcecode.c.h; name = Home.h; path = "Mi Primera Tabla/Home.h"; sourceTree = "<group>"; };
		ED8CD28E1F77322300AC8D97 /* Home.m */ = {isa = PBXFileReference; lastKnownFileType = sourcecode.c.objc; name = Home.m; path = "Mi Primera Tabla/Home.m"; sourceTree = "<group>"; };
		ED8CD2911F77322300AC8D97 /* Base */ = {isa = PBXFileReference; lastKnownFileType = file.storyboard; name = Base; path = Base.lproj/Main.storyboard; sourceTree = "<group>"; };
		ED8CD2941F77322300AC8D97 /* Mi_Primera_Tabla.xcdatamodel */ = {isa = PBXFileReference; lastKnownFileType = wrapper.xcdatamodel; path = Mi_Primera_Tabla.xcdatamodel; sourceTree = "<group>"; };
		ED8CD2961F77322300AC8D97 /* Assets.xcassets */ = {isa = PBXFileReference; lastKnownFileType = folder.assetcatalog; path = Assets.xcassets; sourceTree = "<group>"; };
		ED8CD2991F77322300AC8D97 /* Base */ = {isa = PBXFileReference; lastKnownFileType = file.storyboard; name = Base; path = Base.lproj/LaunchScreen.storyboard; sourceTree = "<group>"; };
		ED8CD29B1F77322300AC8D97 /* Info.plist */ = {isa = PBXFileReference; lastKnownFileType = text.plist.xml; path = Info.plist; sourceTree = "<group>"; };
		ED8CD2A41F773A2E00AC8D97 /* cellMainTable.h */ = {isa = PBXFileReference; fileEncoding = 4; lastKnownFileType = sourcecode.c.h; path = cellMainTable.h; sourceTree = "<group>"; };
		ED8CD2A51F773A2E00AC8D97 /* cellMainTable.m */ = {isa = PBXFileReference; fileEncoding = 4; lastKnownFileType = sourcecode.c.objc; path = cellMainTable.m; sourceTree = "<group>"; };
		ED8CD2A61F773A2E00AC8D97 /* cellMainTable.xib */ = {isa = PBXFileReference; fileEncoding = 4; lastKnownFileType = file.xib; path = cellMainTable.xib; sourceTree = "<group>"; };
		ED8CD2AD1F773F0600AC8D97 /* arya.jpg */ = {isa = PBXFileReference; lastKnownFileType = image.jpeg; path = arya.jpg; sourceTree = "<group>"; };
		ED8CD2AE1F773F0600AC8D97 /* cersei.jpg */ = {isa = PBXFileReference; lastKnownFileType = image.jpeg; path = cersei.jpg; sourceTree = "<group>"; };
		ED8CD2AF1F773F0600AC8D97 /* daenerys.jpg */ = {isa = PBXFileReference; lastKnownFileType = image.jpeg; path = daenerys.jpg; sourceTree = "<group>"; };
		ED8CD2B01F773F0600AC8D97 /* jon.jpg */ = {isa = PBXFileReference; lastKnownFileType = image.jpeg; path = jon.jpg; sourceTree = "<group>"; };
		ED8CD2B11F773F0600AC8D97 /* tyrion.jpg */ = {isa = PBXFileReference; lastKnownFileType = image.jpeg; path = tyrion.jpg; sourceTree = "<group>"; };
/* End PBXFileReference section */

/* Begin PBXFrameworksBuildPhase section */
		ED8CD2811F77322300AC8D97 /* Frameworks */ = {
			isa = PBXFrameworksBuildPhase;
			buildActionMask = 2147483647;
			files = (
			);
			runOnlyForDeploymentPostprocessing = 0;
		};
/* End PBXFrameworksBuildPhase section */

/* Begin PBXGroup section */
		ED8CD27B1F77322300AC8D97 = {
			isa = PBXGroup;
			children = (
				ED8CD2AC1F773F0600AC8D97 /* imgs */,
				ED8CD2A11F77324F00AC8D97 /* Main */,
				ED8CD2A21F77329200AC8D97 /* Controllers */,
				ED8CD2A31F77391600AC8D97 /* Cells */,
				ED8CD2861F77322300AC8D97 /* Mi Primera Tabla */,
				ED8CD2851F77322300AC8D97 /* Products */,
			);
			sourceTree = "<group>";
		};
		ED8CD2851F77322300AC8D97 /* Products */ = {
			isa = PBXGroup;
			children = (
				ED8CD2841F77322300AC8D97 /* Mi Primera Tabla.app */,
			);
			name = Products;
			sourceTree = "<group>";
		};
		ED8CD2861F77322300AC8D97 /* Mi Primera Tabla */ = {
			isa = PBXGroup;
			children = (
				ED8CD2901F77322300AC8D97 /* Main.storyboard */,
				ED8CD2961F77322300AC8D97 /* Assets.xcassets */,
				ED8CD2981F77322300AC8D97 /* LaunchScreen.storyboard */,
				ED8CD29B1F77322300AC8D97 /* Info.plist */,
				ED8CD2931F77322300AC8D97 /* Mi_Primera_Tabla.xcdatamodeld */,
				ED8CD2871F77322300AC8D97 /* Supporting Files */,
			);
			path = "Mi Primera Tabla";
			sourceTree = "<group>";
		};
		ED8CD2871F77322300AC8D97 /* Supporting Files */ = {
			isa = PBXGroup;
			children = (
				ED8CD2881F77322300AC8D97 /* main.m */,
			);
			name = "Supporting Files";
			sourceTree = "<group>";
		};
		ED8CD2A11F77324F00AC8D97 /* Main */ = {
			isa = PBXGroup;
			children = (
				ED8CD28A1F77322300AC8D97 /* AppDelegate.h */,
				ED8CD28B1F77322300AC8D97 /* AppDelegate.m */,
			);
			name = Main;
			sourceTree = "<group>";
		};
		ED8CD2A21F77329200AC8D97 /* Controllers */ = {
			isa = PBXGroup;
			children = (
				ED8CD28D1F77322300AC8D97 /* Home.h */,
				ED8CD28E1F77322300AC8D97 /* Home.m */,
			);
			name = Controllers;
			sourceTree = "<group>";
		};
		ED8CD2A31F77391600AC8D97 /* Cells */ = {
			isa = PBXGroup;
			children = (
				ED8CD2A41F773A2E00AC8D97 /* cellMainTable.h */,
				ED8CD2A51F773A2E00AC8D97 /* cellMainTable.m */,
				ED8CD2A61F773A2E00AC8D97 /* cellMainTable.xib */,
			);
			name = Cells;
			sourceTree = "<group>";
		};
		ED8CD2AC1F773F0600AC8D97 /* imgs */ = {
			isa = PBXGroup;
			children = (
				ED8CD2AD1F773F0600AC8D97 /* arya.jpg */,
				ED8CD2AE1F773F0600AC8D97 /* cersei.jpg */,
				ED8CD2AF1F773F0600AC8D97 /* daenerys.jpg */,
				ED8CD2B01F773F0600AC8D97 /* jon.jpg */,
				ED8CD2B11F773F0600AC8D97 /* tyrion.jpg */,
			);
			path = imgs;
			sourceTree = "<group>";
		};
/* End PBXGroup section */

/* Begin PBXNativeTarget section */
		ED8CD2831F77322300AC8D97 /* Mi Primera Tabla */ = {
			isa = PBXNativeTarget;
			buildConfigurationList = ED8CD29E1F77322300AC8D97 /* Build configuration list for PBXNativeTarget "Mi Primera Tabla" */;
			buildPhases = (
				ED8CD2801F77322300AC8D97 /* Sources */,
				ED8CD2811F77322300AC8D97 /* Frameworks */,
				ED8CD2821F77322300AC8D97 /* Resources */,
			);
			buildRules = (
			);
			dependencies = (
			);
			name = "Mi Primera Tabla";
			productName = "Mi Primera Tabla";
			productReference = ED8CD2841F77322300AC8D97 /* Mi Primera Tabla.app */;
			productType = "com.apple.product-type.application";
		};
/* End PBXNativeTarget section */

/* Begin PBXProject section */
		ED8CD27C1F77322300AC8D97 /* Project object */ = {
			isa = PBXProject;
			attributes = {
				LastUpgradeCheck = 0830;
				ORGANIZATIONNAME = "Sergio Martinez";
				TargetAttributes = {
					ED8CD2831F77322300AC8D97 = {
						CreatedOnToolsVersion = 8.3.3;
						ProvisioningStyle = Automatic;
					};
				};
			};
			buildConfigurationList = ED8CD27F1F77322300AC8D97 /* Build configuration list for PBXProject "Mi Primera Tabla" */;
			compatibilityVersion = "Xcode 3.2";
			developmentRegion = English;
			hasScannedForEncodings = 0;
			knownRegions = (
				en,
				Base,
			);
			mainGroup = ED8CD27B1F77322300AC8D97;
			productRefGroup = ED8CD2851F77322300AC8D97 /* Products */;
			projectDirPath = "";
			projectRoot = "";
			targets = (
				ED8CD2831F77322300AC8D97 /* Mi Primera Tabla */,
			);
		};
/* End PBXProject section */

/* Begin PBXResourcesBuildPhase section */
		ED8CD2821F77322300AC8D97 /* Resources */ = {
			isa = PBXResourcesBuildPhase;
			buildActionMask = 2147483647;
			files = (
				ED8CD2B31F773F0600AC8D97 /* cersei.jpg in Resources */,
				ED8CD29A1F77322300AC8D97 /* LaunchScreen.storyboard in Resources */,
				ED8CD2B21F773F0600AC8D97 /* arya.jpg in Resources */,
				ED8CD2B41F773F0600AC8D97 /* daenerys.jpg in Resources */,
				ED8CD2971F77322300AC8D97 /* Assets.xcassets in Resources */,
				ED8CD2B51F773F0600AC8D97 /* jon.jpg in Resources */,
				ED8CD2921F77322300AC8D97 /* Main.storyboard in Resources */,
				ED8CD2A81F773A2E00AC8D97 /* cellMainTable.xib in Resources */,
				ED8CD2B61F773F0600AC8D97 /* tyrion.jpg in Resources */,
			);
			runOnlyForDeploymentPostprocessing = 0;
		};
/* End PBXResourcesBuildPhase section */

/* Begin PBXSourcesBuildPhase section */
		ED8CD2801F77322300AC8D97 /* Sources */ = {
			isa = PBXSourcesBuildPhase;
			buildActionMask = 2147483647;
			files = (
				ED8CD28F1F77322300AC8D97 /* Home.m in Sources */,
				ED8CD2951F77322300AC8D97 /* Mi_Primera_Tabla.xcdatamodeld in Sources */,
				ED8CD28C1F77322300AC8D97 /* AppDelegate.m in Sources */,
				ED8CD2A71F773A2E00AC8D97 /* cellMainTable.m in Sources */,
				ED8CD2891F77322300AC8D97 /* main.m in Sources */,
			);
			runOnlyForDeploymentPostprocessing = 0;
		};
/* End PBXSourcesBuildPhase section */

/* Begin PBXVariantGroup section */
		ED8CD2901F77322300AC8D97 /* Main.storyboard */ = {
			isa = PBXVariantGroup;
			children = (
				ED8CD2911F77322300AC8D97 /* Base */,
			);
			name = Main.storyboard;
			sourceTree = "<group>";
		};
		ED8CD2981F77322300AC8D97 /* LaunchScreen.storyboard */ = {
			isa = PBXVariantGroup;
			children = (
				ED8CD2991F77322300AC8D97 /* Base */,
			);
			name = LaunchScreen.storyboard;
			sourceTree = "<group>";
		};
/* End PBXVariantGroup section */

/* Begin XCBuildConfiguration section */
		ED8CD29C1F77322300AC8D97 /* Debug */ = {
			isa = XCBuildConfiguration;
			buildSettings = {
				ALWAYS_SEARCH_USER_PATHS = NO;
				CLANG_ANALYZER_NONNULL = YES;
				CLANG_ANALYZER_NUMBER_OBJECT_CONVERSION = YES_AGGRESSIVE;
				CLANG_CXX_LANGUAGE_STANDARD = "gnu++0x";
				CLANG_CXX_LIBRARY = "libc++";
				CLANG_ENABLE_MODULES = YES;
				CLANG_ENABLE_OBJC_ARC = YES;
				CLANG_WARN_BOOL_CONVERSION = YES;
				CLANG_WARN_CONSTANT_CONVERSION = YES;
				CLANG_WARN_DIRECT_OBJC_ISA_USAGE = YES_ERROR;
				CLANG_WARN_DOCUMENTATION_COMMENTS = YES;
				CLANG_WARN_EMPTY_BODY = YES;
				CLANG_WARN_ENUM_CONVERSION = YES;
				CLANG_WARN_INFINITE_RECURSION = YES;
				CLANG_WARN_INT_CONVERSION = YES;
				CLANG_WARN_OBJC_ROOT_CLASS = YES_ERROR;
				CLANG_WARN_SUSPICIOUS_MOVE = YES;
				CLANG_WARN_UNREACHABLE_CODE = YES;
				CLANG_WARN__DUPLICATE_METHOD_MATCH = YES;
				"CODE_SIGN_IDENTITY[sdk=iphoneos*]" = "iPhone Developer";
				COPY_PHASE_STRIP = NO;
				DEBUG_INFORMATION_FORMAT = dwarf;
				ENABLE_STRICT_OBJC_MSGSEND = YES;
				ENABLE_TESTABILITY = YES;
				GCC_C_LANGUAGE_STANDARD = gnu99;
				GCC_DYNAMIC_NO_PIC = NO;
				GCC_NO_COMMON_BLOCKS = YES;
				GCC_OPTIMIZATION_LEVEL = 0;
				GCC_PREPROCESSOR_DEFINITIONS = (
					"DEBUG=1",
					"$(inherited)",
				);
				GCC_WARN_64_TO_32_BIT_CONVERSION = YES;
				GCC_WARN_ABOUT_RETURN_TYPE = YES_ERROR;
				GCC_WARN_UNDECLARED_SELECTOR = YES;
				GCC_WARN_UNINITIALIZED_AUTOS = YES_AGGRESSIVE;
				GCC_WARN_UNUSED_FUNCTION = YES;
				GCC_WARN_UNUSED_VARIABLE = YES;
				IPHONEOS_DEPLOYMENT_TARGET = 10.3;
				MTL_ENABLE_DEBUG_INFO = YES;
				ONLY_ACTIVE_ARCH = YES;
				SDKROOT = iphoneos;
			};
			name = Debug;
		};
		ED8CD29D1F77322300AC8D97 /* Release */ = {
			isa = XCBuildConfiguration;
			buildSettings = {
				ALWAYS_SEARCH_USER_PATHS = NO;
				CLANG_ANALYZER_NONNULL = YES;
				CLANG_ANALYZER_NUMBER_OBJECT_CONVERSION = YES_AGGRESSIVE;
				CLANG_CXX_LANGUAGE_STANDARD = "gnu++0x";
				CLANG_CXX_LIBRARY = "libc++";
				CLANG_ENABLE_MODULES = YES;
				CLANG_ENABLE_OBJC_ARC = YES;
				CLANG_WARN_BOOL_CONVERSION = YES;
				CLANG_WARN_CONSTANT_CONVERSION = YES;
				CLANG_WARN_DIRECT_OBJC_ISA_USAGE = YES_ERROR;
				CLANG_WARN_DOCUMENTATION_COMMENTS = YES;
				CLANG_WARN_EMPTY_BODY = YES;
				CLANG_WARN_ENUM_CONVERSION = YES;
				CLANG_WARN_INFINITE_RECURSION = YES;
				CLANG_WARN_INT_CONVERSION = YES;
				CLANG_WARN_OBJC_ROOT_CLASS = YES_ERROR;
				CLANG_WARN_SUSPICIOUS_MOVE = YES;
				CLANG_WARN_UNREACHABLE_CODE = YES;
				CLANG_WARN__DUPLICATE_METHOD_MATCH = YES;
				"CODE_SIGN_IDENTITY[sdk=iphoneos*]" = "iPhone Developer";
				COPY_PHASE_STRIP = NO;
				DEBUG_INFORMATION_FORMAT = "dwarf-with-dsym";
				ENABLE_NS_ASSERTIONS = NO;
				ENABLE_STRICT_OBJC_MSGSEND = YES;
				GCC_C_LANGUAGE_STANDARD = gnu99;
				GCC_NO_COMMON_BLOCKS = YES;
				GCC_WARN_64_TO_32_BIT_CONVERSION = YES;
				GCC_WARN_ABOUT_RETURN_TYPE = YES_ERROR;
				GCC_WARN_UNDECLARED_SELECTOR = YES;
				GCC_WARN_UNINITIALIZED_AUTOS = YES_AGGRESSIVE;
				GCC_WARN_UNUSED_FUNCTION = YES;
				GCC_WARN_UNUSED_VARIABLE = YES;
				IPHONEOS_DEPLOYMENT_TARGET = 10.3;
				MTL_ENABLE_DEBUG_INFO = NO;
				SDKROOT = iphoneos;
				VALIDATE_PRODUCT = YES;
			};
			name = Release;
		};
		ED8CD29F1F77322300AC8D97 /* Debug */ = {
			isa = XCBuildConfiguration;
			buildSettings = {
				ASSETCATALOG_COMPILER_APPICON_NAME = AppIcon;
				INFOPLIST_FILE = "Mi Primera Tabla/Info.plist";
				LD_RUNPATH_SEARCH_PATHS = "$(inherited) @executable_path/Frameworks";
				PRODUCT_BUNDLE_IDENTIFIER = "com.sergiomartnzr.Mi-Primera-Tabla";
				PRODUCT_NAME = "$(TARGET_NAME)";
			};
			name = Debug;
		};
		ED8CD2A01F77322300AC8D97 /* Release */ = {
			isa = XCBuildConfiguration;
			buildSettings = {
				ASSETCATALOG_COMPILER_APPICON_NAME = AppIcon;
				INFOPLIST_FILE = "Mi Primera Tabla/Info.plist";
				LD_RUNPATH_SEARCH_PATHS = "$(inherited) @executable_path/Frameworks";
				PRODUCT_BUNDLE_IDENTIFIER = "com.sergiomartnzr.Mi-Primera-Tabla";
				PRODUCT_NAME = "$(TARGET_NAME)";
			};
			name = Release;
		};
/* End XCBuildConfiguration section */

/* Begin XCConfigurationList section */
		ED8CD27F1F77322300AC8D97 /* Build configuration list for PBXProject "Mi Primera Tabla" */ = {
			isa = XCConfigurationList;
			buildConfigurations = (
				ED8CD29C1F77322300AC8D97 /* Debug */,
				ED8CD29D1F77322300AC8D97 /* Release */,
			);
			defaultConfigurationIsVisible = 0;
			defaultConfigurationName = Release;
		};
		ED8CD29E1F77322300AC8D97 /* Build configuration list for PBXNativeTarget "Mi Primera Tabla" */ = {
			isa = XCConfigurationList;
			buildConfigurations = (
				ED8CD29F1F77322300AC8D97 /* Debug */,
				ED8CD2A01F77322300AC8D97 /* Release */,
			);
			defaultConfigurationIsVisible = 0;
		};
/* End XCConfigurationList section */

/* Begin XCVersionGroup section */
		ED8CD2931F77322300AC8D97 /* Mi_Primera_Tabla.xcdatamodeld */ = {
			isa = XCVersionGroup;
			children = (
				ED8CD2941F77322300AC8D97 /* Mi_Primera_Tabla.xcdatamodel */,
			);
			currentVersion = ED8CD2941F77322300AC8D97 /* Mi_Primera_Tabla.xcdatamodel */;
			path = Mi_Primera_Tabla.xcdatamodeld;
			sourceTree = "<group>";
			versionGroupType = wrapper.xcdatamodel;
		};
/* End XCVersionGroup section */
	};
	rootObject = ED8CD27C1F77322300AC8D97 /* Project object */;
}
